// !$*UTF8*$!
{
	archiveVersion = 1;
	classes = {
	};
	objectVersion = 46;
	objects = {

/* Begin PBXBuildFile section */
		B3EAEBF41E5B8F670063E226 /* AppDelegate.swift in Sources */ = {isa = PBXBuildFile; fileRef = B3EAEBF31E5B8F670063E226 /* AppDelegate.swift */; };
		B3EAEBF61E5B8F670063E226 /* ViewController.swift in Sources */ = {isa = PBXBuildFile; fileRef = B3EAEBF51E5B8F670063E226 /* ViewController.swift */; };
		B3EAEBF91E5B8F670063E226 /* Main.storyboard in Resources */ = {isa = PBXBuildFile; fileRef = B3EAEBF71E5B8F670063E226 /* Main.storyboard */; };
		B3EAEBFB1E5B8F670063E226 /* Assets.xcassets in Resources */ = {isa = PBXBuildFile; fileRef = B3EAEBFA1E5B8F670063E226 /* Assets.xcassets */; };
		B3EAEBFE1E5B8F670063E226 /* LaunchScreen.storyboard in Resources */ = {isa = PBXBuildFile; fileRef = B3EAEBFC1E5B8F670063E226 /* LaunchScreen.storyboard */; };
		B3EAEC061E5B93130063E226 /* SecondViewController.swift in Sources */ = {isa = PBXBuildFile; fileRef = B3EAEC051E5B93130063E226 /* SecondViewController.swift */; };
/* End PBXBuildFile section */

/* Begin PBXFileReference section */
		B3EAEBF01E5B8F670063E226 /* Navigation.app */ = {isa = PBXFileReference; explicitFileType = wrapper.application; includeInIndex = 0; path = Navigation.app; sourceTree = BUILT_PRODUCTS_DIR; };
		B3EAEBF31E5B8F670063E226 /* AppDelegate.swift */ = {isa = PBXFileReference; lastKnownFileType = sourcecode.swift; path = AppDelegate.swift; sourceTree = "<group>"; };
		B3EAEBF51E5B8F670063E226 /* ViewController.swift */ = {isa = PBXFileReference; lastKnownFileType = sourcecode.swift; path = ViewController.swift; sourceTree = "<group>"; };
		B3EAEBF81E5B8F670063E226 /* Base */ = {isa = PBXFileReference; lastKnownFileType = file.storyboard; name = Base; path = Base.lproj/Main.storyboard; sourceTree = "<group>"; };
		B3EAEBFA1E5B8F670063E226 /* Assets.xcassets */ = {isa = PBXFileReference; lastKnownFileType = folder.assetcatalog; path = Assets.xcassets; sourceTree = "<group>"; };
		B3EAEBFD1E5B8F670063E226 /* Base */ = {isa = PBXFileReference; lastKnownFileType = file.storyboard; name = Base; path = Base.lproj/LaunchScreen.storyboard; sourceTree = "<group>"; };
		B3EAEBFF1E5B8F670063E226 /* Info.plist */ = {isa = PBXFileReference; lastKnownFileType = text.plist.xml; path = Info.plist; sourceTree = "<group>"; };
		B3EAEC051E5B93130063E226 /* SecondViewController.swift */ = {isa = PBXFileReference; fileEncoding = 4; lastKnownFileType = sourcecode.swift; path = SecondViewController.swift; sourceTree = "<group>"; };
/* End PBXFileReference section */

/* Begin PBXFrameworksBuildPhase section */
		B3EAEBED1E5B8F670063E226 /* Frameworks */ = {
			isa = PBXFrameworksBuildPhase;
			buildActionMask = 2147483647;
			files = (
			);
			runOnlyForDeploymentPostprocessing = 0;
		};
/* End PBXFrameworksBuildPhase section */

/* Begin PBXGroup section */
		B3EAEBE71E5B8F670063E226 = {
			isa = PBXGroup;
			children = (
				B3EAEBF21E5B8F670063E226 /* Navigation */,
				B3EAEBF11E5B8F670063E226 /* Products */,
			);
			sourceTree = "<group>";
		};
		B3EAEBF11E5B8F670063E226 /* Products */ = {
			isa = PBXGroup;
			children = (
				B3EAEBF01E5B8F670063E226 /* Navigation.app */,
			);
			name = Products;
			sourceTree = "<group>";
		};
		B3EAEBF21E5B8F670063E226 /* Navigation */ = {
			isa = PBXGroup;
			children = (
				B3EAEBF31E5B8F670063E226 /* AppDelegate.swift */,
				B3EAEBF51E5B8F670063E226 /* ViewController.swift */,
				B3EAEBF71E5B8F670063E226 /* Main.storyboard */,
				B3EAEBFA1E5B8F670063E226 /* Assets.xcassets */,
				B3EAEBFC1E5B8F670063E226 /* LaunchScreen.storyboard */,
				B3EAEBFF1E5B8F670063E226 /* Info.plist */,
				B3EAEC051E5B93130063E226 /* SecondViewController.swift */,
			);
			path = Navigation;
			sourceTree = "<group>";
		};
/* End PBXGroup section */

/* Begin PBXNativeTarget section */
		B3EAEBEF1E5B8F670063E226 /* Navigation */ = {
			isa = PBXNativeTarget;
			buildConfigurationList = B3EAEC021E5B8F670063E226 /* Build configuration list for PBXNativeTarget "Navigation" */;
			buildPhases = (
				B3EAEBEC1E5B8F670063E226 /* Sources */,
				B3EAEBED1E5B8F670063E226 /* Frameworks */,
				B3EAEBEE1E5B8F670063E226 /* Resources */,
			);
			buildRules = (
			);
			dependencies = (
			);
			name = Navigation;
			productName = Navigation;
			productReference = B3EAEBF01E5B8F670063E226 /* Navigation.app */;
			productType = "com.apple.product-type.application";
		};
/* End PBXNativeTarget section */

/* Begin PBXProject section */
		B3EAEBE81E5B8F670063E226 /* Project object */ = {
			isa = PBXProject;
			attributes = {
				LastSwiftUpdateCheck = 0810;
				LastUpgradeCheck = 0810;
				ORGANIZATIONNAME = "Guillermo Moran";
				TargetAttributes = {
					B3EAEBEF1E5B8F670063E226 = {
						CreatedOnToolsVersion = 8.1;
						DevelopmentTeam = 25M9266LN7;
						ProvisioningStyle = Automatic;
					};
				};
			};
			buildConfigurationList = B3EAEBEB1E5B8F670063E226 /* Build configuration list for PBXProject "Navigation" */;
			compatibilityVersion = "Xcode 3.2";
			developmentRegion = English;
			hasScannedForEncodings = 0;
			knownRegions = (
				en,
				Base,
			);
			mainGroup = B3EAEBE71E5B8F670063E226;
			productRefGroup = B3EAEBF11E5B8F670063E226 /* Products */;
			projectDirPath = "";
			projectRoot = "";
			targets = (
				B3EAEBEF1E5B8F670063E226 /* Navigation */,
			);
		};
/* End PBXProject section */

/* Begin PBXResourcesBuildPhase section */
		B3EAEBEE1E5B8F670063E226 /* Resources */ = {
			isa = PBXResourcesBuildPhase;
			buildActionMask = 2147483647;
			files = (
				B3EAEBFE1E5B8F670063E226 /* LaunchScreen.storyboard in Resources */,
				B3EAEBFB1E5B8F670063E226 /* Assets.xcassets in Resources */,
				B3EAEBF91E5B8F670063E226 /* Main.storyboard in Resources */,
			);
			runOnlyForDeploymentPostprocessing = 0;
		};
/* End PBXResourcesBuildPhase section */

/* Begin PBXSourcesBuildPhase section */
		B3EAEBEC1E5B8F670063E226 /* Sources */ = {
			isa = PBXSourcesBuildPhase;
			buildActionMask = 2147483647;
			files = (
				B3EAEC061E5B93130063E226 /* SecondViewController.swift in Sources */,
				B3EAEBF61E5B8F670063E226 /* ViewController.swift in Sources */,
				B3EAEBF41E5B8F670063E226 /* AppDelegate.swift in Sources */,
			);
			runOnlyForDeploymentPostprocessing = 0;
		};
/* End PBXSourcesBuildPhase section */

/* Begin PBXVariantGroup section */
		B3EAEBF71E5B8F670063E226 /* Main.storyboard */ = {
			isa = PBXVariantGroup;
			children = (
				B3EAEBF81E5B8F670063E226 /* Base */,
			);
			name = Main.storyboard;
			sourceTree = "<group>";
		};
		B3EAEBFC1E5B8F670063E226 /* LaunchScreen.storyboard */ = {
			isa = PBXVariantGroup;
			children = (
				B3EAEBFD1E5B8F670063E226 /* Base */,
			);
			name = LaunchScreen.storyboard;
			sourceTree = "<group>";
		};
/* End PBXVariantGroup section */

/* Begin XCBuildConfiguration section */
		B3EAEC001E5B8F670063E226 /* Debug */ = {
			isa = XCBuildConfiguration;
			buildSettings = {
				ALWAYS_SEARCH_USER_PATHS = NO;
				CLANG_ANALYZER_NONNULL = YES;
				CLANG_CXX_LANGUAGE_STANDARD = "gnu++0x";
				CLANG_CXX_LIBRARY = "libc++";
				CLANG_ENABLE_MODULES = YES;
				CLANG_ENABLE_OBJC_ARC = YES;
				CLANG_WARN_BOOL_CONVERSION = YES;
				CLANG_WARN_CONSTANT_CONVERSION = YES;
				CLANG_WARN_DIRECT_OBJC_ISA_USAGE = YES_ERROR;
				CLANG_WARN_DOCUMENTATION_COMMENTS = YES;
				CLANG_WARN_EMPTY_BODY = YES;
				CLANG_WARN_ENUM_CONVERSION = YES;
				CLANG_WARN_INFINITE_RECURSION = YES;
				CLANG_WARN_INT_CONVERSION = YES;
				CLANG_WARN_OBJC_ROOT_CLASS = YES_ERROR;
				CLANG_WARN_SUSPICIOUS_MOVES = YES;
				CLANG_WARN_UNREACHABLE_CODE = YES;
				CLANG_WARN__DUPLICATE_METHOD_MATCH = YES;
				"CODE_SIGN_IDENTITY[sdk=iphoneos*]" = "iPhone Developer";
				COPY_PHASE_STRIP = NO;
				DEBUG_INFORMATION_FORMAT = dwarf;
				ENABLE_STRICT_OBJC_MSGSEND = YES;
				ENABLE_TESTABILITY = YES;
				GCC_C_LANGUAGE_STANDARD = gnu99;
				GCC_DYNAMIC_NO_PIC = NO;
				GCC_NO_COMMON_BLOCKS = YES;
				GCC_OPTIMIZATION_LEVEL = 0;
				GCC_PREPROCESSOR_DEFINITIONS = (
					"DEBUG=1",
					"$(inherited)",
				);
				GCC_WARN_64_TO_32_BIT_CONVERSION = YES;
				GCC_WARN_ABOUT_RETURN_TYPE = YES_ERROR;
				GCC_WARN_UNDECLARED_SELECTOR = YES;
				GCC_WARN_UNINITIALIZED_AUTOS = YES_AGGRESSIVE;
				GCC_WARN_UNUSED_FUNCTION = YES;
				GCC_WARN_UNUSED_VARIABLE = YES;
				IPHONEOS_DEPLOYMENT_TARGET = 10.1;
				MTL_ENABLE_DEBUG_INFO = YES;
				ONLY_ACTIVE_ARCH = YES;
				SDKROOT = iphoneos;
				SWIFT_ACTIVE_COMPILATION_CONDITIONS = DEBUG;
				SWIFT_OPTIMIZATION_LEVEL = "-Onone";
				TARGETED_DEVICE_FAMILY = "1,2";
			};
			name = Debug;
		};
		B3EAEC011E5B8F670063E226 /* Release */ = {
			isa = XCBuildConfiguration;
			buildSettings = {
				ALWAYS_SEARCH_USER_PATHS = NO;
				CLANG_ANALYZER_NONNULL = YES;
				CLANG_CXX_LANGUAGE_STANDARD = "gnu++0x";
				CLANG_CXX_LIBRARY = "libc++";
				CLANG_ENABLE_MODULES = YES;
				CLANG_ENABLE_OBJC_ARC = YES;
				CLANG_WARN_BOOL_CONVERSION = YES;
				CLANG_WARN_CONSTANT_CONVERSION = YES;
				CLANG_WARN_DIRECT_OBJC_ISA_USAGE = YES_ERROR;
				CLANG_WARN_DOCUMENTATION_COMMENTS = YES;
				CLANG_WARN_EMPTY_BODY = YES;
				CLANG_WARN_ENUM_CONVERSION = YES;
				CLANG_WARN_INFINITE_RECURSION = YES;
				CLANG_WARN_INT_CONVERSION = YES;
				CLANG_WARN_OBJC_ROOT_CLASS = YES_ERROR;
				CLANG_WARN_SUSPICIOUS_MOVES = YES;
				CLANG_WARN_UNREACHABLE_CODE = YES;
				CLANG_WARN__DUPLICATE_METHOD_MATCH = YES;
				"CODE_SIGN_IDENTITY[sdk=iphoneos*]" = "iPhone Developer";
				COPY_PHASE_STRIP = NO;
				DEBUG_INFORMATION_FORMAT = "dwarf-with-dsym";
				ENABLE_NS_ASSERTIONS = NO;
				ENABLE_STRICT_OBJC_MSGSEND = YES;
				GCC_C_LANGUAGE_STANDARD = gnu99;
				GCC_NO_COMMON_BLOCKS = YES;
				GCC_WARN_64_TO_32_BIT_CONVERSION = YES;
				GCC_WARN_ABOUT_RETURN_TYPE = YES_ERROR;
				GCC_WARN_UNDECLARED_SELECTOR = YES;
				GCC_WARN_UNINITIALIZED_AUTOS = YES_AGGRESSIVE;
				GCC_WARN_UNUSED_FUNCTION = YES;
				GCC_WARN_UNUSED_VARIABLE = YES;
				IPHONEOS_DEPLOYMENT_TARGET = 10.1;
				MTL_ENABLE_DEBUG_INFO = NO;
				SDKROOT = iphoneos;
				SWIFT_OPTIMIZATION_LEVEL = "-Owholemodule";
				TARGETED_DEVICE_FAMILY = "1,2";
				VALIDATE_PRODUCT = YES;
			};
			name = Release;
		};
		B3EAEC031E5B8F670063E226 /* Debug */ = {
			isa = XCBuildConfiguration;
			buildSettings = {
				ASSETCATALOG_COMPILER_APPICON_NAME = AppIcon;
				DEVELOPMENT_TEAM = 25M9266LN7;
				INFOPLIST_FILE = Navigation/Info.plist;
				LD_RUNPATH_SEARCH_PATHS = "$(inherited) @executable_path/Frameworks";
				PRODUCT_BUNDLE_IDENTIFIER = me.gmoran.Navigation;
				PRODUCT_NAME = "$(TARGET_NAME)";
				SWIFT_VERSION = 3.0;
			};
			name = Debug;
		};
		B3EAEC041E5B8F670063E226 /* Release */ = {
			isa = XCBuildConfiguration;
			buildSettings = {
				ASSETCATALOG_COMPILER_APPICON_NAME = AppIcon;
				DEVELOPMENT_TEAM = 25M9266LN7;
				INFOPLIST_FILE = Navigation/Info.plist;
				LD_RUNPATH_SEARCH_PATHS = "$(inherited) @executable_path/Frameworks";
				PRODUCT_BUNDLE_IDENTIFIER = me.gmoran.Navigation;
				PRODUCT_NAME = "$(TARGET_NAME)";
				SWIFT_VERSION = 3.0;
			};
			name = Release;
		};
/* End XCBuildConfiguration section */

/* Begin XCConfigurationList section */
		B3EAEBEB1E5B8F670063E226 /* Build configuration list for PBXProject "Navigation" */ = {
			isa = XCConfigurationList;
			buildConfigurations = (
				B3EAEC001E5B8F670063E226 /* Debug */,
				B3EAEC011E5B8F670063E226 /* Release */,
			);
			defaultConfigurationIsVisible = 0;
			defaultConfigurationName = Release;
		};
		B3EAEC021E5B8F670063E226 /* Build configuration list for PBXNativeTarget "Navigation" */ = {
			isa = XCConfigurationList;
			buildConfigurations = (
				B3EAEC031E5B8F670063E226 /* Debug */,
				B3EAEC041E5B8F670063E226 /* Release */,
			);
			defaultConfigurationIsVisible = 0;
		};
/* End XCConfigurationList section */
	};
	rootObject = B3EAEBE81E5B8F670063E226 /* Project object */;
}
