// !$*UTF8*$!
{
	archiveVersion = 1;
	classes = {
	};
	objectVersion = 46;
	objects = {

/* Begin PBXBuildFile section */
		B39DF7C01E69D07B00512AD3 /* BrowserViewController.swift in Sources */ = {isa = PBXBuildFile; fileRef = B39DF7BF1E69D07B00512AD3 /* BrowserViewController.swift */; };
		B3AB82A31E653D2F0060F9DE /* AppDelegate.swift in Sources */ = {isa = PBXBuildFile; fileRef = B3AB82A21E653D2F0060F9DE /* AppDelegate.swift */; };
		B3AB82A51E653D2F0060F9DE /* ViewController.swift in Sources */ = {isa = PBXBuildFile; fileRef = B3AB82A41E653D2F0060F9DE /* ViewController.swift */; };
		B3AB82A81E653D2F0060F9DE /* Main.storyboard in Resources */ = {isa = PBXBuildFile; fileRef = B3AB82A61E653D2F0060F9DE /* Main.storyboard */; };
		B3AB82AA1E653D2F0060F9DE /* Assets.xcassets in Resources */ = {isa = PBXBuildFile; fileRef = B3AB82A91E653D2F0060F9DE /* Assets.xcassets */; };
		B3AB82AD1E653D2F0060F9DE /* LaunchScreen.storyboard in Resources */ = {isa = PBXBuildFile; fileRef = B3AB82AB1E653D2F0060F9DE /* LaunchScreen.storyboard */; };
		B3AB82B51E65664C0060F9DE /* DetailViewController.swift in Sources */ = {isa = PBXBuildFile; fileRef = B3AB82B41E65664C0060F9DE /* DetailViewController.swift */; };
/* End PBXBuildFile section */

/* Begin PBXFileReference section */
		B39DF7BF1E69D07B00512AD3 /* BrowserViewController.swift */ = {isa = PBXFileReference; fileEncoding = 4; lastKnownFileType = sourcecode.swift; path = BrowserViewController.swift; sourceTree = "<group>"; };
		B3AB829F1E653D2F0060F9DE /* PortolioApp.app */ = {isa = PBXFileReference; explicitFileType = wrapper.application; includeInIndex = 0; path = PortolioApp.app; sourceTree = BUILT_PRODUCTS_DIR; };
		B3AB82A21E653D2F0060F9DE /* AppDelegate.swift */ = {isa = PBXFileReference; lastKnownFileType = sourcecode.swift; path = AppDelegate.swift; sourceTree = "<group>"; };
		B3AB82A41E653D2F0060F9DE /* ViewController.swift */ = {isa = PBXFileReference; lastKnownFileType = sourcecode.swift; path = ViewController.swift; sourceTree = "<group>"; };
		B3AB82A71E653D2F0060F9DE /* Base */ = {isa = PBXFileReference; lastKnownFileType = file.storyboard; name = Base; path = Base.lproj/Main.storyboard; sourceTree = "<group>"; };
		B3AB82A91E653D2F0060F9DE /* Assets.xcassets */ = {isa = PBXFileReference; lastKnownFileType = folder.assetcatalog; path = Assets.xcassets; sourceTree = "<group>"; };
		B3AB82AC1E653D2F0060F9DE /* Base */ = {isa = PBXFileReference; lastKnownFileType = file.storyboard; name = Base; path = Base.lproj/LaunchScreen.storyboard; sourceTree = "<group>"; };
		B3AB82AE1E653D2F0060F9DE /* Info.plist */ = {isa = PBXFileReference; lastKnownFileType = text.plist.xml; path = Info.plist; sourceTree = "<group>"; };
		B3AB82B41E65664C0060F9DE /* DetailViewController.swift */ = {isa = PBXFileReference; fileEncoding = 4; lastKnownFileType = sourcecode.swift; path = DetailViewController.swift; sourceTree = "<group>"; };
/* End PBXFileReference section */

/* Begin PBXFrameworksBuildPhase section */
		B3AB829C1E653D2F0060F9DE /* Frameworks */ = {
			isa = PBXFrameworksBuildPhase;
			buildActionMask = 2147483647;
			files = (
			);
			runOnlyForDeploymentPostprocessing = 0;
		};
/* End PBXFrameworksBuildPhase section */

/* Begin PBXGroup section */
		B3AB82961E653D2F0060F9DE = {
			isa = PBXGroup;
			children = (
				B3AB82A11E653D2F0060F9DE /* PortolioApp */,
				B3AB82A01E653D2F0060F9DE /* Products */,
			);
			sourceTree = "<group>";
		};
		B3AB82A01E653D2F0060F9DE /* Products */ = {
			isa = PBXGroup;
			children = (
				B3AB829F1E653D2F0060F9DE /* PortolioApp.app */,
			);
			name = Products;
			sourceTree = "<group>";
		};
		B3AB82A11E653D2F0060F9DE /* PortolioApp */ = {
			isa = PBXGroup;
			children = (
				B3AB82A21E653D2F0060F9DE /* AppDelegate.swift */,
				B3AB82A41E653D2F0060F9DE /* ViewController.swift */,
				B3AB82A61E653D2F0060F9DE /* Main.storyboard */,
				B3AB82B41E65664C0060F9DE /* DetailViewController.swift */,
				B39DF7BF1E69D07B00512AD3 /* BrowserViewController.swift */,
				B3AB82A91E653D2F0060F9DE /* Assets.xcassets */,
				B3AB82AB1E653D2F0060F9DE /* LaunchScreen.storyboard */,
				B3AB82AE1E653D2F0060F9DE /* Info.plist */,
			);
			path = PortolioApp;
			sourceTree = "<group>";
		};
/* End PBXGroup section */

/* Begin PBXNativeTarget section */
		B3AB829E1E653D2F0060F9DE /* PortolioApp */ = {
			isa = PBXNativeTarget;
			buildConfigurationList = B3AB82B11E653D2F0060F9DE /* Build configuration list for PBXNativeTarget "PortolioApp" */;
			buildPhases = (
				B3AB829B1E653D2F0060F9DE /* Sources */,
				B3AB829C1E653D2F0060F9DE /* Frameworks */,
				B3AB829D1E653D2F0060F9DE /* Resources */,
			);
			buildRules = (
			);
			dependencies = (
			);
			name = PortolioApp;
			productName = PortolioApp;
			productReference = B3AB829F1E653D2F0060F9DE /* PortolioApp.app */;
			productType = "com.apple.product-type.application";
		};
/* End PBXNativeTarget section */

/* Begin PBXProject section */
		B3AB82971E653D2F0060F9DE /* Project object */ = {
			isa = PBXProject;
			attributes = {
				LastSwiftUpdateCheck = 0810;
				LastUpgradeCheck = 0810;
				ORGANIZATIONNAME = "Guillermo Moran";
				TargetAttributes = {
					B3AB829E1E653D2F0060F9DE = {
						CreatedOnToolsVersion = 8.1;
						DevelopmentTeam = 25M9266LN7;
						ProvisioningStyle = Automatic;
					};
				};
			};
			buildConfigurationList = B3AB829A1E653D2F0060F9DE /* Build configuration list for PBXProject "PortolioApp" */;
			compatibilityVersion = "Xcode 3.2";
			developmentRegion = English;
			hasScannedForEncodings = 0;
			knownRegions = (
				en,
				Base,
			);
			mainGroup = B3AB82961E653D2F0060F9DE;
			productRefGroup = B3AB82A01E653D2F0060F9DE /* Products */;
			projectDirPath = "";
			projectRoot = "";
			targets = (
				B3AB829E1E653D2F0060F9DE /* PortolioApp */,
			);
		};
/* End PBXProject section */

/* Begin PBXResourcesBuildPhase section */
		B3AB829D1E653D2F0060F9DE /* Resources */ = {
			isa = PBXResourcesBuildPhase;
			buildActionMask = 2147483647;
			files = (
				B3AB82AD1E653D2F0060F9DE /* LaunchScreen.storyboard in Resources */,
				B3AB82AA1E653D2F0060F9DE /* Assets.xcassets in Resources */,
				B3AB82A81E653D2F0060F9DE /* Main.storyboard in Resources */,
			);
			runOnlyForDeploymentPostprocessing = 0;
		};
/* End PBXResourcesBuildPhase section */

/* Begin PBXSourcesBuildPhase section */
		B3AB829B1E653D2F0060F9DE /* Sources */ = {
			isa = PBXSourcesBuildPhase;
			buildActionMask = 2147483647;
			files = (
				B3AB82B51E65664C0060F9DE /* DetailViewController.swift in Sources */,
				B39DF7C01E69D07B00512AD3 /* BrowserViewController.swift in Sources */,
				B3AB82A51E653D2F0060F9DE /* ViewController.swift in Sources */,
				B3AB82A31E653D2F0060F9DE /* AppDelegate.swift in Sources */,
			);
			runOnlyForDeploymentPostprocessing = 0;
		};
/* End PBXSourcesBuildPhase section */

/* Begin PBXVariantGroup section */
		B3AB82A61E653D2F0060F9DE /* Main.storyboard */ = {
			isa = PBXVariantGroup;
			children = (
				B3AB82A71E653D2F0060F9DE /* Base */,
			);
			name = Main.storyboard;
			sourceTree = "<group>";
		};
		B3AB82AB1E653D2F0060F9DE /* LaunchScreen.storyboard */ = {
			isa = PBXVariantGroup;
			children = (
				B3AB82AC1E653D2F0060F9DE /* Base */,
			);
			name = LaunchScreen.storyboard;
			sourceTree = "<group>";
		};
/* End PBXVariantGroup section */

/* Begin XCBuildConfiguration section */
		B3AB82AF1E653D2F0060F9DE /* Debug */ = {
			isa = XCBuildConfiguration;
			buildSettings = {
				ALWAYS_SEARCH_USER_PATHS = NO;
				CLANG_ANALYZER_NONNULL = YES;
				CLANG_CXX_LANGUAGE_STANDARD = "gnu++0x";
				CLANG_CXX_LIBRARY = "libc++";
				CLANG_ENABLE_MODULES = YES;
				CLANG_ENABLE_OBJC_ARC = YES;
				CLANG_WARN_BOOL_CONVERSION = YES;
				CLANG_WARN_CONSTANT_CONVERSION = YES;
				CLANG_WARN_DIRECT_OBJC_ISA_USAGE = YES_ERROR;
				CLANG_WARN_DOCUMENTATION_COMMENTS = YES;
				CLANG_WARN_EMPTY_BODY = YES;
				CLANG_WARN_ENUM_CONVERSION = YES;
				CLANG_WARN_INFINITE_RECURSION = YES;
				CLANG_WARN_INT_CONVERSION = YES;
				CLANG_WARN_OBJC_ROOT_CLASS = YES_ERROR;
				CLANG_WARN_SUSPICIOUS_MOVES = YES;
				CLANG_WARN_UNREACHABLE_CODE = YES;
				CLANG_WARN__DUPLICATE_METHOD_MATCH = YES;
				"CODE_SIGN_IDENTITY[sdk=iphoneos*]" = "iPhone Developer";
				COPY_PHASE_STRIP = NO;
				DEBUG_INFORMATION_FORMAT = dwarf;
				ENABLE_STRICT_OBJC_MSGSEND = YES;
				ENABLE_TESTABILITY = YES;
				GCC_C_LANGUAGE_STANDARD = gnu99;
				GCC_DYNAMIC_NO_PIC = NO;
				GCC_NO_COMMON_BLOCKS = YES;
				GCC_OPTIMIZATION_LEVEL = 0;
				GCC_PREPROCESSOR_DEFINITIONS = (
					"DEBUG=1",
					"$(inherited)",
				);
				GCC_WARN_64_TO_32_BIT_CONVERSION = YES;
				GCC_WARN_ABOUT_RETURN_TYPE = YES_ERROR;
				GCC_WARN_UNDECLARED_SELECTOR = YES;
				GCC_WARN_UNINITIALIZED_AUTOS = YES_AGGRESSIVE;
				GCC_WARN_UNUSED_FUNCTION = YES;
				GCC_WARN_UNUSED_VARIABLE = YES;
				IPHONEOS_DEPLOYMENT_TARGET = 10.1;
				MTL_ENABLE_DEBUG_INFO = YES;
				ONLY_ACTIVE_ARCH = YES;
				SDKROOT = iphoneos;
				SWIFT_ACTIVE_COMPILATION_CONDITIONS = DEBUG;
				SWIFT_OPTIMIZATION_LEVEL = "-Onone";
				TARGETED_DEVICE_FAMILY = "1,2";
			};
			name = Debug;
		};
		B3AB82B01E653D2F0060F9DE /* Release */ = {
			isa = XCBuildConfiguration;
			buildSettings = {
				ALWAYS_SEARCH_USER_PATHS = NO;
				CLANG_ANALYZER_NONNULL = YES;
				CLANG_CXX_LANGUAGE_STANDARD = "gnu++0x";
				CLANG_CXX_LIBRARY = "libc++";
				CLANG_ENABLE_MODULES = YES;
				CLANG_ENABLE_OBJC_ARC = YES;
				CLANG_WARN_BOOL_CONVERSION = YES;
				CLANG_WARN_CONSTANT_CONVERSION = YES;
				CLANG_WARN_DIRECT_OBJC_ISA_USAGE = YES_ERROR;
				CLANG_WARN_DOCUMENTATION_COMMENTS = YES;
				CLANG_WARN_EMPTY_BODY = YES;
				CLANG_WARN_ENUM_CONVERSION = YES;
				CLANG_WARN_INFINITE_RECURSION = YES;
				CLANG_WARN_INT_CONVERSION = YES;
				CLANG_WARN_OBJC_ROOT_CLASS = YES_ERROR;
				CLANG_WARN_SUSPICIOUS_MOVES = YES;
				CLANG_WARN_UNREACHABLE_CODE = YES;
				CLANG_WARN__DUPLICATE_METHOD_MATCH = YES;
				"CODE_SIGN_IDENTITY[sdk=iphoneos*]" = "iPhone Developer";
				COPY_PHASE_STRIP = NO;
				DEBUG_INFORMATION_FORMAT = "dwarf-with-dsym";
				ENABLE_NS_ASSERTIONS = NO;
				ENABLE_STRICT_OBJC_MSGSEND = YES;
				GCC_C_LANGUAGE_STANDARD = gnu99;
				GCC_NO_COMMON_BLOCKS = YES;
				GCC_WARN_64_TO_32_BIT_CONVERSION = YES;
				GCC_WARN_ABOUT_RETURN_TYPE = YES_ERROR;
				GCC_WARN_UNDECLARED_SELECTOR = YES;
				GCC_WARN_UNINITIALIZED_AUTOS = YES_AGGRESSIVE;
				GCC_WARN_UNUSED_FUNCTION = YES;
				GCC_WARN_UNUSED_VARIABLE = YES;
				IPHONEOS_DEPLOYMENT_TARGET = 10.1;
				MTL_ENABLE_DEBUG_INFO = NO;
				SDKROOT = iphoneos;
				SWIFT_OPTIMIZATION_LEVEL = "-Owholemodule";
				TARGETED_DEVICE_FAMILY = "1,2";
				VALIDATE_PRODUCT = YES;
			};
			name = Release;
		};
		B3AB82B21E653D2F0060F9DE /* Debug */ = {
			isa = XCBuildConfiguration;
			buildSettings = {
				ASSETCATALOG_COMPILER_APPICON_NAME = AppIcon;
				DEVELOPMENT_TEAM = 25M9266LN7;
				INFOPLIST_FILE = PortolioApp/Info.plist;
				LD_RUNPATH_SEARCH_PATHS = "$(inherited) @executable_path/Frameworks";
				PRODUCT_BUNDLE_IDENTIFIER = me.cosc.PortolioApp;
				PRODUCT_NAME = "$(TARGET_NAME)";
				SWIFT_VERSION = 3.0;
			};
			name = Debug;
		};
		B3AB82B31E653D2F0060F9DE /* Release */ = {
			isa = XCBuildConfiguration;
			buildSettings = {
				ASSETCATALOG_COMPILER_APPICON_NAME = AppIcon;
				DEVELOPMENT_TEAM = 25M9266LN7;
				INFOPLIST_FILE = PortolioApp/Info.plist;
				LD_RUNPATH_SEARCH_PATHS = "$(inherited) @executable_path/Frameworks";
				PRODUCT_BUNDLE_IDENTIFIER = me.cosc.PortolioApp;
				PRODUCT_NAME = "$(TARGET_NAME)";
				SWIFT_VERSION = 3.0;
			};
			name = Release;
		};
/* End XCBuildConfiguration section */

/* Begin XCConfigurationList section */
		B3AB829A1E653D2F0060F9DE /* Build configuration list for PBXProject "PortolioApp" */ = {
			isa = XCConfigurationList;
			buildConfigurations = (
				B3AB82AF1E653D2F0060F9DE /* Debug */,
				B3AB82B01E653D2F0060F9DE /* Release */,
			);
			defaultConfigurationIsVisible = 0;
			defaultConfigurationName = Release;
		};
		B3AB82B11E653D2F0060F9DE /* Build configuration list for PBXNativeTarget "PortolioApp" */ = {
			isa = XCConfigurationList;
			buildConfigurations = (
				B3AB82B21E653D2F0060F9DE /* Debug */,
				B3AB82B31E653D2F0060F9DE /* Release */,
			);
			defaultConfigurationIsVisible = 0;
			defaultConfigurationName = Release;
		};
/* End XCConfigurationList section */
	};
	rootObject = B3AB82971E653D2F0060F9DE /* Project object */;
}
