// !$*UTF8*$!
{
	archiveVersion = 1;
	classes = {
	};
	objectVersion = 46;
	objects = {

/* Begin PBXBuildFile section */
		B3BDC8801E82C13300F6C075 /* AppDelegate.swift in Sources */ = {isa = PBXBuildFile; fileRef = B3BDC87F1E82C13300F6C075 /* AppDelegate.swift */; };
		B3BDC8821E82C13300F6C075 /* ViewController.swift in Sources */ = {isa = PBXBuildFile; fileRef = B3BDC8811E82C13300F6C075 /* ViewController.swift */; };
		B3BDC8851E82C13300F6C075 /* Main.storyboard in Resources */ = {isa = PBXBuildFile; fileRef = B3BDC8831E82C13300F6C075 /* Main.storyboard */; };
		B3BDC8871E82C13300F6C075 /* Assets.xcassets in Resources */ = {isa = PBXBuildFile; fileRef = B3BDC8861E82C13300F6C075 /* Assets.xcassets */; };
		B3BDC88A1E82C13300F6C075 /* LaunchScreen.storyboard in Resources */ = {isa = PBXBuildFile; fileRef = B3BDC8881E82C13300F6C075 /* LaunchScreen.storyboard */; };
		B3BDC8921E82D7B500F6C075 /* DestinationTableCell.swift in Sources */ = {isa = PBXBuildFile; fileRef = B3BDC8911E82D7B500F6C075 /* DestinationTableCell.swift */; };
		B3BDC8941E82F0B400F6C075 /* DestinationViewController.swift in Sources */ = {isa = PBXBuildFile; fileRef = B3BDC8931E82F0B400F6C075 /* DestinationViewController.swift */; };
		B3BDC8B41E83498D00F6C075 /* ReviewTableCell.swift in Sources */ = {isa = PBXBuildFile; fileRef = B3BDC8B31E83498D00F6C075 /* ReviewTableCell.swift */; };
		B3BDC8B61E83700D00F6C075 /* MapViewController.swift in Sources */ = {isa = PBXBuildFile; fileRef = B3BDC8B51E83700D00F6C075 /* MapViewController.swift */; };
/* End PBXBuildFile section */

/* Begin PBXFileReference section */
		B3BDC87C1E82C13300F6C075 /* Northwest.app */ = {isa = PBXFileReference; explicitFileType = wrapper.application; includeInIndex = 0; path = Northwest.app; sourceTree = BUILT_PRODUCTS_DIR; };
		B3BDC87F1E82C13300F6C075 /* AppDelegate.swift */ = {isa = PBXFileReference; lastKnownFileType = sourcecode.swift; path = AppDelegate.swift; sourceTree = "<group>"; };
		B3BDC8811E82C13300F6C075 /* ViewController.swift */ = {isa = PBXFileReference; lastKnownFileType = sourcecode.swift; path = ViewController.swift; sourceTree = "<group>"; };
		B3BDC8841E82C13300F6C075 /* Base */ = {isa = PBXFileReference; lastKnownFileType = file.storyboard; name = Base; path = Base.lproj/Main.storyboard; sourceTree = "<group>"; };
		B3BDC8861E82C13300F6C075 /* Assets.xcassets */ = {isa = PBXFileReference; lastKnownFileType = folder.assetcatalog; path = Assets.xcassets; sourceTree = "<group>"; };
		B3BDC8891E82C13300F6C075 /* Base */ = {isa = PBXFileReference; lastKnownFileType = file.storyboard; name = Base; path = Base.lproj/LaunchScreen.storyboard; sourceTree = "<group>"; };
		B3BDC88B1E82C13300F6C075 /* Info.plist */ = {isa = PBXFileReference; lastKnownFileType = text.plist.xml; path = Info.plist; sourceTree = "<group>"; };
		B3BDC8911E82D7B500F6C075 /* DestinationTableCell.swift */ = {isa = PBXFileReference; fileEncoding = 4; lastKnownFileType = sourcecode.swift; path = DestinationTableCell.swift; sourceTree = "<group>"; };
		B3BDC8931E82F0B400F6C075 /* DestinationViewController.swift */ = {isa = PBXFileReference; fileEncoding = 4; lastKnownFileType = sourcecode.swift; path = DestinationViewController.swift; sourceTree = "<group>"; };
		B3BDC8B31E83498D00F6C075 /* ReviewTableCell.swift */ = {isa = PBXFileReference; fileEncoding = 4; lastKnownFileType = sourcecode.swift; path = ReviewTableCell.swift; sourceTree = "<group>"; };
		B3BDC8B51E83700D00F6C075 /* MapViewController.swift */ = {isa = PBXFileReference; fileEncoding = 4; lastKnownFileType = sourcecode.swift; path = MapViewController.swift; sourceTree = "<group>"; };
/* End PBXFileReference section */

/* Begin PBXFrameworksBuildPhase section */
		B3BDC8791E82C13300F6C075 /* Frameworks */ = {
			isa = PBXFrameworksBuildPhase;
			buildActionMask = 2147483647;
			files = (
			);
			runOnlyForDeploymentPostprocessing = 0;
		};
/* End PBXFrameworksBuildPhase section */

/* Begin PBXGroup section */
		B3BDC8731E82C13300F6C075 = {
			isa = PBXGroup;
			children = (
				B3BDC87E1E82C13300F6C075 /* Northwest */,
				B3BDC87D1E82C13300F6C075 /* Products */,
			);
			sourceTree = "<group>";
		};
		B3BDC87D1E82C13300F6C075 /* Products */ = {
			isa = PBXGroup;
			children = (
				B3BDC87C1E82C13300F6C075 /* Northwest.app */,
			);
			name = Products;
			sourceTree = "<group>";
		};
		B3BDC87E1E82C13300F6C075 /* Northwest */ = {
			isa = PBXGroup;
			children = (
				B3BDC87F1E82C13300F6C075 /* AppDelegate.swift */,
				B3BDC8811E82C13300F6C075 /* ViewController.swift */,
				B3BDC8B31E83498D00F6C075 /* ReviewTableCell.swift */,
				B3BDC8831E82C13300F6C075 /* Main.storyboard */,
				B3BDC8B51E83700D00F6C075 /* MapViewController.swift */,
				B3BDC8861E82C13300F6C075 /* Assets.xcassets */,
				B3BDC8881E82C13300F6C075 /* LaunchScreen.storyboard */,
				B3BDC88B1E82C13300F6C075 /* Info.plist */,
				B3BDC8911E82D7B500F6C075 /* DestinationTableCell.swift */,
				B3BDC8931E82F0B400F6C075 /* DestinationViewController.swift */,
			);
			path = Northwest;
			sourceTree = "<group>";
		};
/* End PBXGroup section */

/* Begin PBXNativeTarget section */
		B3BDC87B1E82C13300F6C075 /* Northwest */ = {
			isa = PBXNativeTarget;
			buildConfigurationList = B3BDC88E1E82C13300F6C075 /* Build configuration list for PBXNativeTarget "Northwest" */;
			buildPhases = (
				B3BDC8781E82C13300F6C075 /* Sources */,
				B3BDC8791E82C13300F6C075 /* Frameworks */,
				B3BDC87A1E82C13300F6C075 /* Resources */,
			);
			buildRules = (
			);
			dependencies = (
			);
			name = Northwest;
			productName = Northwest;
			productReference = B3BDC87C1E82C13300F6C075 /* Northwest.app */;
			productType = "com.apple.product-type.application";
		};
/* End PBXNativeTarget section */

/* Begin PBXProject section */
		B3BDC8741E82C13300F6C075 /* Project object */ = {
			isa = PBXProject;
			attributes = {
				LastSwiftUpdateCheck = 0810;
				LastUpgradeCheck = 0810;
				ORGANIZATIONNAME = "Guillermo Moran";
				TargetAttributes = {
					B3BDC87B1E82C13300F6C075 = {
						CreatedOnToolsVersion = 8.1;
						DevelopmentTeam = 25M9266LN7;
						ProvisioningStyle = Automatic;
					};
				};
			};
			buildConfigurationList = B3BDC8771E82C13300F6C075 /* Build configuration list for PBXProject "Northwest" */;
			compatibilityVersion = "Xcode 3.2";
			developmentRegion = English;
			hasScannedForEncodings = 0;
			knownRegions = (
				en,
				Base,
			);
			mainGroup = B3BDC8731E82C13300F6C075;
			productRefGroup = B3BDC87D1E82C13300F6C075 /* Products */;
			projectDirPath = "";
			projectRoot = "";
			targets = (
				B3BDC87B1E82C13300F6C075 /* Northwest */,
			);
		};
/* End PBXProject section */

/* Begin PBXResourcesBuildPhase section */
		B3BDC87A1E82C13300F6C075 /* Resources */ = {
			isa = PBXResourcesBuildPhase;
			buildActionMask = 2147483647;
			files = (
				B3BDC88A1E82C13300F6C075 /* LaunchScreen.storyboard in Resources */,
				B3BDC8871E82C13300F6C075 /* Assets.xcassets in Resources */,
				B3BDC8851E82C13300F6C075 /* Main.storyboard in Resources */,
			);
			runOnlyForDeploymentPostprocessing = 0;
		};
/* End PBXResourcesBuildPhase section */

/* Begin PBXSourcesBuildPhase section */
		B3BDC8781E82C13300F6C075 /* Sources */ = {
			isa = PBXSourcesBuildPhase;
			buildActionMask = 2147483647;
			files = (
				B3BDC8B41E83498D00F6C075 /* ReviewTableCell.swift in Sources */,
				B3BDC8B61E83700D00F6C075 /* MapViewController.swift in Sources */,
				B3BDC8921E82D7B500F6C075 /* DestinationTableCell.swift in Sources */,
				B3BDC8821E82C13300F6C075 /* ViewController.swift in Sources */,
				B3BDC8801E82C13300F6C075 /* AppDelegate.swift in Sources */,
				B3BDC8941E82F0B400F6C075 /* DestinationViewController.swift in Sources */,
			);
			runOnlyForDeploymentPostprocessing = 0;
		};
/* End PBXSourcesBuildPhase section */

/* Begin PBXVariantGroup section */
		B3BDC8831E82C13300F6C075 /* Main.storyboard */ = {
			isa = PBXVariantGroup;
			children = (
				B3BDC8841E82C13300F6C075 /* Base */,
			);
			name = Main.storyboard;
			sourceTree = "<group>";
		};
		B3BDC8881E82C13300F6C075 /* LaunchScreen.storyboard */ = {
			isa = PBXVariantGroup;
			children = (
				B3BDC8891E82C13300F6C075 /* Base */,
			);
			name = LaunchScreen.storyboard;
			sourceTree = "<group>";
		};
/* End PBXVariantGroup section */

/* Begin XCBuildConfiguration section */
		B3BDC88C1E82C13300F6C075 /* Debug */ = {
			isa = XCBuildConfiguration;
			buildSettings = {
				ALWAYS_SEARCH_USER_PATHS = NO;
				CLANG_ANALYZER_NONNULL = YES;
				CLANG_CXX_LANGUAGE_STANDARD = "gnu++0x";
				CLANG_CXX_LIBRARY = "libc++";
				CLANG_ENABLE_MODULES = YES;
				CLANG_ENABLE_OBJC_ARC = YES;
				CLANG_WARN_BOOL_CONVERSION = YES;
				CLANG_WARN_CONSTANT_CONVERSION = YES;
				CLANG_WARN_DIRECT_OBJC_ISA_USAGE = YES_ERROR;
				CLANG_WARN_DOCUMENTATION_COMMENTS = YES;
				CLANG_WARN_EMPTY_BODY = YES;
				CLANG_WARN_ENUM_CONVERSION = YES;
				CLANG_WARN_INFINITE_RECURSION = YES;
				CLANG_WARN_INT_CONVERSION = YES;
				CLANG_WARN_OBJC_ROOT_CLASS = YES_ERROR;
				CLANG_WARN_SUSPICIOUS_MOVES = YES;
				CLANG_WARN_UNREACHABLE_CODE = YES;
				CLANG_WARN__DUPLICATE_METHOD_MATCH = YES;
				"CODE_SIGN_IDENTITY[sdk=iphoneos*]" = "iPhone Developer";
				COPY_PHASE_STRIP = NO;
				DEBUG_INFORMATION_FORMAT = dwarf;
				ENABLE_STRICT_OBJC_MSGSEND = YES;
				ENABLE_TESTABILITY = YES;
				GCC_C_LANGUAGE_STANDARD = gnu99;
				GCC_DYNAMIC_NO_PIC = NO;
				GCC_NO_COMMON_BLOCKS = YES;
				GCC_OPTIMIZATION_LEVEL = 0;
				GCC_PREPROCESSOR_DEFINITIONS = (
					"DEBUG=1",
					"$(inherited)",
				);
				GCC_WARN_64_TO_32_BIT_CONVERSION = YES;
				GCC_WARN_ABOUT_RETURN_TYPE = YES_ERROR;
				GCC_WARN_UNDECLARED_SELECTOR = YES;
				GCC_WARN_UNINITIALIZED_AUTOS = YES_AGGRESSIVE;
				GCC_WARN_UNUSED_FUNCTION = YES;
				GCC_WARN_UNUSED_VARIABLE = YES;
				IPHONEOS_DEPLOYMENT_TARGET = 10.1;
				MTL_ENABLE_DEBUG_INFO = YES;
				ONLY_ACTIVE_ARCH = YES;
				SDKROOT = iphoneos;
				SWIFT_ACTIVE_COMPILATION_CONDITIONS = DEBUG;
				SWIFT_OPTIMIZATION_LEVEL = "-Onone";
				TARGETED_DEVICE_FAMILY = "1,2";
			};
			name = Debug;
		};
		B3BDC88D1E82C13300F6C075 /* Release */ = {
			isa = XCBuildConfiguration;
			buildSettings = {
				ALWAYS_SEARCH_USER_PATHS = NO;
				CLANG_ANALYZER_NONNULL = YES;
				CLANG_CXX_LANGUAGE_STANDARD = "gnu++0x";
				CLANG_CXX_LIBRARY = "libc++";
				CLANG_ENABLE_MODULES = YES;
				CLANG_ENABLE_OBJC_ARC = YES;
				CLANG_WARN_BOOL_CONVERSION = YES;
				CLANG_WARN_CONSTANT_CONVERSION = YES;
				CLANG_WARN_DIRECT_OBJC_ISA_USAGE = YES_ERROR;
				CLANG_WARN_DOCUMENTATION_COMMENTS = YES;
				CLANG_WARN_EMPTY_BODY = YES;
				CLANG_WARN_ENUM_CONVERSION = YES;
				CLANG_WARN_INFINITE_RECURSION = YES;
				CLANG_WARN_INT_CONVERSION = YES;
				CLANG_WARN_OBJC_ROOT_CLASS = YES_ERROR;
				CLANG_WARN_SUSPICIOUS_MOVES = YES;
				CLANG_WARN_UNREACHABLE_CODE = YES;
				CLANG_WARN__DUPLICATE_METHOD_MATCH = YES;
				"CODE_SIGN_IDENTITY[sdk=iphoneos*]" = "iPhone Developer";
				COPY_PHASE_STRIP = NO;
				DEBUG_INFORMATION_FORMAT = "dwarf-with-dsym";
				ENABLE_NS_ASSERTIONS = NO;
				ENABLE_STRICT_OBJC_MSGSEND = YES;
				GCC_C_LANGUAGE_STANDARD = gnu99;
				GCC_NO_COMMON_BLOCKS = YES;
				GCC_WARN_64_TO_32_BIT_CONVERSION = YES;
				GCC_WARN_ABOUT_RETURN_TYPE = YES_ERROR;
				GCC_WARN_UNDECLARED_SELECTOR = YES;
				GCC_WARN_UNINITIALIZED_AUTOS = YES_AGGRESSIVE;
				GCC_WARN_UNUSED_FUNCTION = YES;
				GCC_WARN_UNUSED_VARIABLE = YES;
				IPHONEOS_DEPLOYMENT_TARGET = 10.1;
				MTL_ENABLE_DEBUG_INFO = NO;
				SDKROOT = iphoneos;
				SWIFT_OPTIMIZATION_LEVEL = "-Owholemodule";
				TARGETED_DEVICE_FAMILY = "1,2";
				VALIDATE_PRODUCT = YES;
			};
			name = Release;
		};
		B3BDC88F1E82C13300F6C075 /* Debug */ = {
			isa = XCBuildConfiguration;
			buildSettings = {
				ASSETCATALOG_COMPILER_APPICON_NAME = AppIcon;
				DEVELOPMENT_TEAM = 25M9266LN7;
				INFOPLIST_FILE = Northwest/Info.plist;
				LD_RUNPATH_SEARCH_PATHS = "$(inherited) @executable_path/Frameworks";
				PRODUCT_BUNDLE_IDENTIFIER = me.cosc.Northwest;
				PRODUCT_NAME = "$(TARGET_NAME)";
				SWIFT_VERSION = 3.0;
			};
			name = Debug;
		};
		B3BDC8901E82C13300F6C075 /* Release */ = {
			isa = XCBuildConfiguration;
			buildSettings = {
				ASSETCATALOG_COMPILER_APPICON_NAME = AppIcon;
				DEVELOPMENT_TEAM = 25M9266LN7;
				INFOPLIST_FILE = Northwest/Info.plist;
				LD_RUNPATH_SEARCH_PATHS = "$(inherited) @executable_path/Frameworks";
				PRODUCT_BUNDLE_IDENTIFIER = me.cosc.Northwest;
				PRODUCT_NAME = "$(TARGET_NAME)";
				SWIFT_VERSION = 3.0;
			};
			name = Release;
		};
/* End XCBuildConfiguration section */

/* Begin XCConfigurationList section */
		B3BDC8771E82C13300F6C075 /* Build configuration list for PBXProject "Northwest" */ = {
			isa = XCConfigurationList;
			buildConfigurations = (
				B3BDC88C1E82C13300F6C075 /* Debug */,
				B3BDC88D1E82C13300F6C075 /* Release */,
			);
			defaultConfigurationIsVisible = 0;
			defaultConfigurationName = Release;
		};
		B3BDC88E1E82C13300F6C075 /* Build configuration list for PBXNativeTarget "Northwest" */ = {
			isa = XCConfigurationList;
			buildConfigurations = (
				B3BDC88F1E82C13300F6C075 /* Debug */,
				B3BDC8901E82C13300F6C075 /* Release */,
			);
			defaultConfigurationIsVisible = 0;
			defaultConfigurationName = Release;
		};
/* End XCConfigurationList section */
	};
	rootObject = B3BDC8741E82C13300F6C075 /* Project object */;
}
